
Microsoft Visual Studio Solution File, Format Version 12.00
# Visual Studio Version 17
VisualStudioVersion = 17.0.32112.339
MinimumVisualStudioVersion = 10.0.40219.1
Project("{9A19103F-16F7-4668-BE54-9A1E7A4F7556}") = "iap2", "iap2\iap2.csproj", "{079B1246-68A8-4890-9C2D-74DB851F632A}"
EndProject
Global
	GlobalSection(SolutionConfigurationPlatforms) = preSolution
		Debug|Any CPU = Debug|Any CPU
		Release|Any CPU = Release|Any CPU
	EndGlobalSection
	GlobalSection(ProjectConfigurationPlatforms) = postSolution
		{079B1246-68A8-4890-9C2D-74DB851F632A}.Debug|Any CPU.ActiveCfg = Debug|Any CPU
		{079B1246-68A8-4890-9C2D-74DB851F632A}.Debug|Any CPU.Build.0 = Debug|Any CPU
		{079B1246-68A8-4890-9C2D-74DB851F632A}.Release|Any CPU.ActiveCfg = Release|Any CPU
		{079B1246-68A8-4890-9C2D-74DB851F632A}.Release|Any CPU.Build.0 = Release|Any CPU
	EndGlobalSection
	GlobalSection(SolutionProperties) = preSolution
		HideSolutionNode = FALSE
	EndGlobalSection
	GlobalSection(ExtensibilityGlobals) = postSolution
		SolutionGuid = {B3A8C0B6-55D4-47A0-A052-B7CA8CD91D60}
	EndGlobalSection
EndGlobal
